
Microsoft Visual Studio Solution File, Format Version 12.00
# Visual Studio Version 17
VisualStudioVersion = 17.0.32126.317
MinimumVisualStudioVersion = 10.0.40219.1
Project("{FAE04EC0-301F-11D3-BF4B-00C04F79EFBC}") = "2", "2\2.csproj", "{17B00423-5F6C-4E14-A844-54C4E18370B6}"
EndProject
Global
	GlobalSection(SolutionConfigurationPlatforms) = preSolution
		Debug|Any CPU = Debug|Any CPU
		Release|Any CPU = Release|Any CPU
	EndGlobalSection
	GlobalSection(ProjectConfigurationPlatforms) = postSolution
		{17B00423-5F6C-4E14-A844-54C4E18370B6}.Debug|Any CPU.ActiveCfg = Debug|Any CPU
		{17B00423-5F6C-4E14-A844-54C4E18370B6}.Debug|Any CPU.Build.0 = Debug|Any CPU
		{17B00423-5F6C-4E14-A844-54C4E18370B6}.Release|Any CPU.ActiveCfg = Release|Any CPU
		{17B00423-5F6C-4E14-A844-54C4E18370B6}.Release|Any CPU.Build.0 = Release|Any CPU
	EndGlobalSection
	GlobalSection(SolutionProperties) = preSolution
		HideSolutionNode = FALSE
	EndGlobalSection
	GlobalSection(ExtensibilityGlobals) = postSolution
		SolutionGuid = {D0FF83D3-827F-4906-81FA-E1E084C8D40A}
	EndGlobalSection
EndGlobal
